// !$*UTF8*$!
{
	archiveVersion = 1;
	classes = {
	};
	objectVersion = 46;
	objects = {

/* Begin PBXBuildFile section */
		80E4BB6E151A16920038DACE /* GLUT.framework in Frameworks */ = {isa = PBXBuildFile; fileRef = 80E4BB6C151A16920038DACE /* GLUT.framework */; };
		80E4BB6F151A16920038DACE /* OpenGL.framework in Frameworks */ = {isa = PBXBuildFile; fileRef = 80E4BB6D151A16920038DACE /* OpenGL.framework */; };
/* End PBXBuildFile section */

/* Begin PBXCopyFilesBuildPhase section */
		80E4BB51151A14F50038DACE /* CopyFiles */ = {
			isa = PBXCopyFilesBuildPhase;
			buildActionMask = 2147483647;
			dstPath = /usr/share/man/man1/;
			dstSubfolderSpec = 0;
			files = (
			);
			runOnlyForDeploymentPostprocessing = 1;
		};
/* End PBXCopyFilesBuildPhase section */

/* Begin PBXFileReference section */
		802391D9151B6BD000AEFA12 /* en */ = {isa = PBXFileReference; fileEncoding = 4; lastKnownFileType = sourcecode.cpp.cpp; name = en; path = en.lproj/main.cpp; sourceTree = "<group>"; };
		80E4BB53151A14F50038DACE /* Hexagonclone */ = {isa = PBXFileReference; explicitFileType = "compiled.mach-o.executable"; includeInIndex = 0; path = Hexagonclone; sourceTree = BUILT_PRODUCTS_DIR; };
		80E4BB6C151A16920038DACE /* GLUT.framework */ = {isa = PBXFileReference; lastKnownFileType = wrapper.framework; name = GLUT.framework; path = System/Library/Frameworks/GLUT.framework; sourceTree = SDKROOT; };
		80E4BB6D151A16920038DACE /* OpenGL.framework */ = {isa = PBXFileReference; lastKnownFileType = wrapper.framework; name = OpenGL.framework; path = System/Library/Frameworks/OpenGL.framework; sourceTree = SDKROOT; };
/* End PBXFileReference section */

/* Begin PBXFrameworksBuildPhase section */
		80E4BB50151A14F50038DACE /* Frameworks */ = {
			isa = PBXFrameworksBuildPhase;
			buildActionMask = 2147483647;
			files = (
				80E4BB6E151A16920038DACE /* GLUT.framework in Frameworks */,
				80E4BB6F151A16920038DACE /* OpenGL.framework in Frameworks */,
			);
			runOnlyForDeploymentPostprocessing = 0;
		};
/* End PBXFrameworksBuildPhase section */

/* Begin PBXGroup section */
		802391D7151B6BD000AEFA12 /* Hexagonclone */ = {
			isa = PBXGroup;
			children = (
				802391D8151B6BD000AEFA12 /* main.cpp */,
			);
			path = Hexagonclone;
			sourceTree = "<group>";
		};
		80E4BB48151A14F50038DACE = {
			isa = PBXGroup;
			children = (
				802391D7151B6BD000AEFA12 /* Hexagonclone */,
				80E4BB6C151A16920038DACE /* GLUT.framework */,
				80E4BB6D151A16920038DACE /* OpenGL.framework */,
				80E4BB54151A14F50038DACE /* Products */,
			);
			sourceTree = "<group>";
		};
		80E4BB54151A14F50038DACE /* Products */ = {
			isa = PBXGroup;
			children = (
				80E4BB53151A14F50038DACE /* Hexagonclone */,
			);
			name = Products;
			sourceTree = "<group>";
		};
/* End PBXGroup section */

/* Begin PBXNativeTarget section */
		80E4BB52151A14F50038DACE /* Hexagonclone */ = {
			isa = PBXNativeTarget;
			buildConfigurationList = 80E4BB5D151A14F50038DACE /* Build configuration list for PBXNativeTarget "Hexagonclone" */;
			buildPhases = (
				80E4BB4F151A14F50038DACE /* Sources */,
				80E4BB50151A14F50038DACE /* Frameworks */,
				80E4BB51151A14F50038DACE /* CopyFiles */,
			);
			buildRules = (
			);
			dependencies = (
			);
			name = Hexagonclone;
			productName = dsfas;
			productReference = 80E4BB53151A14F50038DACE /* Hexagonclone */;
			productType = "com.apple.product-type.tool";
		};
/* End PBXNativeTarget section */

/* Begin PBXProject section */
		80E4BB4A151A14F50038DACE /* Project object */ = {
			isa = PBXProject;
			attributes = {
				LastUpgradeCheck = 0430;
			};
			buildConfigurationList = 80E4BB4D151A14F50038DACE /* Build configuration list for PBXProject "Hexagonclone" */;
			compatibilityVersion = "Xcode 3.2";
			developmentRegion = English;
			hasScannedForEncodings = 0;
			knownRegions = (
				en,
			);
			mainGroup = 80E4BB48151A14F50038DACE;
			productRefGroup = 80E4BB54151A14F50038DACE /* Products */;
			projectDirPath = "";
			projectRoot = "";
			targets = (
				80E4BB52151A14F50038DACE /* Hexagonclone */,
			);
		};
/* End PBXProject section */

/* Begin PBXSourcesBuildPhase section */
		80E4BB4F151A14F50038DACE /* Sources */ = {
			isa = PBXSourcesBuildPhase;
			buildActionMask = 2147483647;
			files = (
			);
			runOnlyForDeploymentPostprocessing = 0;
		};
/* End PBXSourcesBuildPhase section */

/* Begin PBXVariantGroup section */
		802391D8151B6BD000AEFA12 /* main.cpp */ = {
			isa = PBXVariantGroup;
			children = (
				802391D9151B6BD000AEFA12 /* en */,
			);
			name = main.cpp;
			sourceTree = "<group>";
		};
/* End PBXVariantGroup section */

/* Begin XCBuildConfiguration section */
		80E4BB5B151A14F50038DACE /* Debug */ = {
			isa = XCBuildConfiguration;
			buildSettings = {
				ALWAYS_SEARCH_USER_PATHS = NO;
				ARCHS = "$(ARCHS_STANDARD_64_BIT)";
				COPY_PHASE_STRIP = NO;
				GCC_C_LANGUAGE_STANDARD = gnu99;
				GCC_DYNAMIC_NO_PIC = NO;
				GCC_ENABLE_OBJC_EXCEPTIONS = YES;
				GCC_OPTIMIZATION_LEVEL = 0;
				GCC_PREPROCESSOR_DEFINITIONS = (
					"DEBUG=1",
					"$(inherited)",
				);
				GCC_SYMBOLS_PRIVATE_EXTERN = NO;
				GCC_VERSION = com.apple.compilers.llvm.clang.1_0;
				GCC_WARN_64_TO_32_BIT_CONVERSION = YES;
				GCC_WARN_ABOUT_RETURN_TYPE = YES;
				GCC_WARN_UNINITIALIZED_AUTOS = YES;
				GCC_WARN_UNUSED_VARIABLE = YES;
				MACOSX_DEPLOYMENT_TARGET = 10.7;
				ONLY_ACTIVE_ARCH = YES;
				SDKROOT = macosx;
			};
			name = Debug;
		};
		80E4BB5C151A14F50038DACE /* Release */ = {
			isa = XCBuildConfiguration;
			buildSettings = {
				ALWAYS_SEARCH_USER_PATHS = NO;
				ARCHS = "$(ARCHS_STANDARD_64_BIT)";
				COPY_PHASE_STRIP = YES;
				DEBUG_INFORMATION_FORMAT = "dwarf-with-dsym";
				GCC_C_LANGUAGE_STANDARD = gnu99;
				GCC_ENABLE_OBJC_EXCEPTIONS = YES;
				GCC_VERSION = com.apple.compilers.llvm.clang.1_0;
				GCC_WARN_64_TO_32_BIT_CONVERSION = YES;
				GCC_WARN_ABOUT_RETURN_TYPE = YES;
				GCC_WARN_UNINITIALIZED_AUTOS = YES;
				GCC_WARN_UNUSED_VARIABLE = YES;
				MACOSX_DEPLOYMENT_TARGET = 10.7;
				SDKROOT = macosx;
			};
			name = Release;
		};
		80E4BB5E151A14F50038DACE /* Debug */ = {
			isa = XCBuildConfiguration;
			buildSettings = {
				PRODUCT_NAME = Hexagonclone;
			};
			name = Debug;
		};
		80E4BB5F151A14F50038DACE /* Release */ = {
			isa = XCBuildConfiguration;
			buildSettings = {
				PRODUCT_NAME = Hexagonclone;
			};
			name = Release;
		};
/* End XCBuildConfiguration section */

/* Begin XCConfigurationList section */
		80E4BB4D151A14F50038DACE /* Build configuration list for PBXProject "Hexagonclone" */ = {
			isa = XCConfigurationList;
			buildConfigurations = (
				80E4BB5B151A14F50038DACE /* Debug */,
				80E4BB5C151A14F50038DACE /* Release */,
			);
			defaultConfigurationIsVisible = 0;
			defaultConfigurationName = Release;
		};
		80E4BB5D151A14F50038DACE /* Build configuration list for PBXNativeTarget "Hexagonclone" */ = {
			isa = XCConfigurationList;
			buildConfigurations = (
				80E4BB5E151A14F50038DACE /* Debug */,
				80E4BB5F151A14F50038DACE /* Release */,
			);
			defaultConfigurationIsVisible = 0;
			defaultConfigurationName = Release;
		};
/* End XCConfigurationList section */
	};
	rootObject = 80E4BB4A151A14F50038DACE /* Project object */;
}
